// !$*UTF8*$!
{
	archiveVersion = 1;
	classes = {
	};
	objectVersion = 46;
	objects = {

/* Begin PBXBuildFile section */
		BC8319F71DBFDF5A00236182 /* AppDelegate.swift in Sources */ = {isa = PBXBuildFile; fileRef = BC8319F61DBFDF5A00236182 /* AppDelegate.swift */; };
		BC8319F91DBFDF5A00236182 /* ViewController.swift in Sources */ = {isa = PBXBuildFile; fileRef = BC8319F81DBFDF5A00236182 /* ViewController.swift */; };
		BC8319FC1DBFDF5A00236182 /* Main.storyboard in Resources */ = {isa = PBXBuildFile; fileRef = BC8319FA1DBFDF5A00236182 /* Main.storyboard */; };
		BC8319FE1DBFDF5A00236182 /* Assets.xcassets in Resources */ = {isa = PBXBuildFile; fileRef = BC8319FD1DBFDF5A00236182 /* Assets.xcassets */; };
		BC831A011DBFDF5A00236182 /* LaunchScreen.storyboard in Resources */ = {isa = PBXBuildFile; fileRef = BC8319FF1DBFDF5A00236182 /* LaunchScreen.storyboard */; };
		BC831A0C1DBFDF5A00236182 /* Save_the_kIttensTests.swift in Sources */ = {isa = PBXBuildFile; fileRef = BC831A0B1DBFDF5A00236182 /* Save_the_kIttensTests.swift */; };
/* End PBXBuildFile section */

/* Begin PBXContainerItemProxy section */
		BC831A081DBFDF5A00236182 /* PBXContainerItemProxy */ = {
			isa = PBXContainerItemProxy;
			containerPortal = BC8319EB1DBFDF5A00236182 /* Project object */;
			proxyType = 1;
			remoteGlobalIDString = BC8319F21DBFDF5A00236182;
			remoteInfo = "Save the kIttens";
		};
/* End PBXContainerItemProxy section */

/* Begin PBXFileReference section */
		BC8319F31DBFDF5A00236182 /* Save the kIttens.app */ = {isa = PBXFileReference; explicitFileType = wrapper.application; includeInIndex = 0; path = "Save the kIttens.app"; sourceTree = BUILT_PRODUCTS_DIR; };
		BC8319F61DBFDF5A00236182 /* AppDelegate.swift */ = {isa = PBXFileReference; lastKnownFileType = sourcecode.swift; path = AppDelegate.swift; sourceTree = "<group>"; };
		BC8319F81DBFDF5A00236182 /* ViewController.swift */ = {isa = PBXFileReference; lastKnownFileType = sourcecode.swift; path = ViewController.swift; sourceTree = "<group>"; };
		BC8319FB1DBFDF5A00236182 /* Base */ = {isa = PBXFileReference; lastKnownFileType = file.storyboard; name = Base; path = Base.lproj/Main.storyboard; sourceTree = "<group>"; };
		BC8319FD1DBFDF5A00236182 /* Assets.xcassets */ = {isa = PBXFileReference; lastKnownFileType = folder.assetcatalog; path = Assets.xcassets; sourceTree = "<group>"; };
		BC831A001DBFDF5A00236182 /* Base */ = {isa = PBXFileReference; lastKnownFileType = file.storyboard; name = Base; path = Base.lproj/LaunchScreen.storyboard; sourceTree = "<group>"; };
		BC831A021DBFDF5A00236182 /* Info.plist */ = {isa = PBXFileReference; lastKnownFileType = text.plist.xml; path = Info.plist; sourceTree = "<group>"; };
		BC831A071DBFDF5A00236182 /* Save the kIttensTests.xctest */ = {isa = PBXFileReference; explicitFileType = wrapper.cfbundle; includeInIndex = 0; path = "Save the kIttensTests.xctest"; sourceTree = BUILT_PRODUCTS_DIR; };
		BC831A0B1DBFDF5A00236182 /* Save_the_kIttensTests.swift */ = {isa = PBXFileReference; lastKnownFileType = sourcecode.swift; path = Save_the_kIttensTests.swift; sourceTree = "<group>"; };
		BC831A0D1DBFDF5A00236182 /* Info.plist */ = {isa = PBXFileReference; lastKnownFileType = text.plist.xml; path = Info.plist; sourceTree = "<group>"; };
/* End PBXFileReference section */

/* Begin PBXFrameworksBuildPhase section */
		BC8319F01DBFDF5A00236182 /* Frameworks */ = {
			isa = PBXFrameworksBuildPhase;
			buildActionMask = 2147483647;
			files = (
			);
			runOnlyForDeploymentPostprocessing = 0;
		};
		BC831A041DBFDF5A00236182 /* Frameworks */ = {
			isa = PBXFrameworksBuildPhase;
			buildActionMask = 2147483647;
			files = (
			);
			runOnlyForDeploymentPostprocessing = 0;
		};
/* End PBXFrameworksBuildPhase section */

/* Begin PBXGroup section */
		BC8319EA1DBFDF5A00236182 = {
			isa = PBXGroup;
			children = (
				BC8319F51DBFDF5A00236182 /* Save the kIttens */,
				BC831A0A1DBFDF5A00236182 /* Save the kIttensTests */,
				BC8319F41DBFDF5A00236182 /* Products */,
			);
			sourceTree = "<group>";
		};
		BC8319F41DBFDF5A00236182 /* Products */ = {
			isa = PBXGroup;
			children = (
				BC8319F31DBFDF5A00236182 /* Save the kIttens.app */,
				BC831A071DBFDF5A00236182 /* Save the kIttensTests.xctest */,
			);
			name = Products;
			sourceTree = "<group>";
		};
		BC8319F51DBFDF5A00236182 /* Save the kIttens */ = {
			isa = PBXGroup;
			children = (
				BC8319F61DBFDF5A00236182 /* AppDelegate.swift */,
				BC8319F81DBFDF5A00236182 /* ViewController.swift */,
				BC8319FA1DBFDF5A00236182 /* Main.storyboard */,
				BC8319FD1DBFDF5A00236182 /* Assets.xcassets */,
				BC8319FF1DBFDF5A00236182 /* LaunchScreen.storyboard */,
				BC831A021DBFDF5A00236182 /* Info.plist */,
			);
			path = "Save the kIttens";
			sourceTree = "<group>";
		};
		BC831A0A1DBFDF5A00236182 /* Save the kIttensTests */ = {
			isa = PBXGroup;
			children = (
				BC831A0B1DBFDF5A00236182 /* Save_the_kIttensTests.swift */,
				BC831A0D1DBFDF5A00236182 /* Info.plist */,
			);
			path = "Save the kIttensTests";
			sourceTree = "<group>";
		};
/* End PBXGroup section */

/* Begin PBXNativeTarget section */
		BC8319F21DBFDF5A00236182 /* Save the kIttens */ = {
			isa = PBXNativeTarget;
			buildConfigurationList = BC831A101DBFDF5A00236182 /* Build configuration list for PBXNativeTarget "Save the kIttens" */;
			buildPhases = (
				BC8319EF1DBFDF5A00236182 /* Sources */,
				BC8319F01DBFDF5A00236182 /* Frameworks */,
				BC8319F11DBFDF5A00236182 /* Resources */,
			);
			buildRules = (
			);
			dependencies = (
			);
			name = "Save the kIttens";
			productName = "Save the kIttens";
			productReference = BC8319F31DBFDF5A00236182 /* Save the kIttens.app */;
			productType = "com.apple.product-type.application";
		};
		BC831A061DBFDF5A00236182 /* Save the kIttensTests */ = {
			isa = PBXNativeTarget;
			buildConfigurationList = BC831A131DBFDF5A00236182 /* Build configuration list for PBXNativeTarget "Save the kIttensTests" */;
			buildPhases = (
				BC831A031DBFDF5A00236182 /* Sources */,
				BC831A041DBFDF5A00236182 /* Frameworks */,
				BC831A051DBFDF5A00236182 /* Resources */,
			);
			buildRules = (
			);
			dependencies = (
				BC831A091DBFDF5A00236182 /* PBXTargetDependency */,
			);
			name = "Save the kIttensTests";
			productName = "Save the kIttensTests";
			productReference = BC831A071DBFDF5A00236182 /* Save the kIttensTests.xctest */;
			productType = "com.apple.product-type.bundle.unit-test";
		};
/* End PBXNativeTarget section */

/* Begin PBXProject section */
		BC8319EB1DBFDF5A00236182 /* Project object */ = {
			isa = PBXProject;
			attributes = {
				LastSwiftUpdateCheck = 0800;
				LastUpgradeCheck = 0800;
				ORGANIZATIONNAME = "Amyn Remtulla";
				TargetAttributes = {
					BC8319F21DBFDF5A00236182 = {
						CreatedOnToolsVersion = 8.0;
						ProvisioningStyle = Automatic;
					};
					BC831A061DBFDF5A00236182 = {
						CreatedOnToolsVersion = 8.0;
						ProvisioningStyle = Automatic;
						TestTargetID = BC8319F21DBFDF5A00236182;
					};
				};
			};
			buildConfigurationList = BC8319EE1DBFDF5A00236182 /* Build configuration list for PBXProject "Save the kIttens" */;
			compatibilityVersion = "Xcode 3.2";
			developmentRegion = English;
			hasScannedForEncodings = 0;
			knownRegions = (
				en,
				Base,
			);
			mainGroup = BC8319EA1DBFDF5A00236182;
			productRefGroup = BC8319F41DBFDF5A00236182 /* Products */;
			projectDirPath = "";
			projectRoot = "";
			targets = (
				BC8319F21DBFDF5A00236182 /* Save the kIttens */,
				BC831A061DBFDF5A00236182 /* Save the kIttensTests */,
			);
		};
/* End PBXProject section */

/* Begin PBXResourcesBuildPhase section */
		BC8319F11DBFDF5A00236182 /* Resources */ = {
			isa = PBXResourcesBuildPhase;
			buildActionMask = 2147483647;
			files = (
				BC831A011DBFDF5A00236182 /* LaunchScreen.storyboard in Resources */,
				BC8319FE1DBFDF5A00236182 /* Assets.xcassets in Resources */,
				BC8319FC1DBFDF5A00236182 /* Main.storyboard in Resources */,
			);
			runOnlyForDeploymentPostprocessing = 0;
		};
		BC831A051DBFDF5A00236182 /* Resources */ = {
			isa = PBXResourcesBuildPhase;
			buildActionMask = 2147483647;
			files = (
			);
			runOnlyForDeploymentPostprocessing = 0;
		};
/* End PBXResourcesBuildPhase section */

/* Begin PBXSourcesBuildPhase section */
		BC8319EF1DBFDF5A00236182 /* Sources */ = {
			isa = PBXSourcesBuildPhase;
			buildActionMask = 2147483647;
			files = (
				BC8319F91DBFDF5A00236182 /* ViewController.swift in Sources */,
				BC8319F71DBFDF5A00236182 /* AppDelegate.swift in Sources */,
			);
			runOnlyForDeploymentPostprocessing = 0;
		};
		BC831A031DBFDF5A00236182 /* Sources */ = {
			isa = PBXSourcesBuildPhase;
			buildActionMask = 2147483647;
			files = (
				BC831A0C1DBFDF5A00236182 /* Save_the_kIttensTests.swift in Sources */,
			);
			runOnlyForDeploymentPostprocessing = 0;
		};
/* End PBXSourcesBuildPhase section */

/* Begin PBXTargetDependency section */
		BC831A091DBFDF5A00236182 /* PBXTargetDependency */ = {
			isa = PBXTargetDependency;
			target = BC8319F21DBFDF5A00236182 /* Save the kIttens */;
			targetProxy = BC831A081DBFDF5A00236182 /* PBXContainerItemProxy */;
		};
/* End PBXTargetDependency section */

/* Begin PBXVariantGroup section */
		BC8319FA1DBFDF5A00236182 /* Main.storyboard */ = {
			isa = PBXVariantGroup;
			children = (
				BC8319FB1DBFDF5A00236182 /* Base */,
			);
			name = Main.storyboard;
			sourceTree = "<group>";
		};
		BC8319FF1DBFDF5A00236182 /* LaunchScreen.storyboard */ = {
			isa = PBXVariantGroup;
			children = (
				BC831A001DBFDF5A00236182 /* Base */,
			);
			name = LaunchScreen.storyboard;
			sourceTree = "<group>";
		};
/* End PBXVariantGroup section */

/* Begin XCBuildConfiguration section */
		BC831A0E1DBFDF5A00236182 /* Debug */ = {
			isa = XCBuildConfiguration;
			buildSettings = {
				ALWAYS_SEARCH_USER_PATHS = NO;
				CLANG_ANALYZER_NONNULL = YES;
				CLANG_CXX_LANGUAGE_STANDARD = "gnu++0x";
				CLANG_CXX_LIBRARY = "libc++";
				CLANG_ENABLE_MODULES = YES;
				CLANG_ENABLE_OBJC_ARC = YES;
				CLANG_WARN_BOOL_CONVERSION = YES;
				CLANG_WARN_CONSTANT_CONVERSION = YES;
				CLANG_WARN_DIRECT_OBJC_ISA_USAGE = YES_ERROR;
				CLANG_WARN_DOCUMENTATION_COMMENTS = YES;
				CLANG_WARN_EMPTY_BODY = YES;
				CLANG_WARN_ENUM_CONVERSION = YES;
				CLANG_WARN_INFINITE_RECURSION = YES;
				CLANG_WARN_INT_CONVERSION = YES;
				CLANG_WARN_OBJC_ROOT_CLASS = YES_ERROR;
				CLANG_WARN_SUSPICIOUS_MOVES = YES;
				CLANG_WARN_UNREACHABLE_CODE = YES;
				CLANG_WARN__DUPLICATE_METHOD_MATCH = YES;
				"CODE_SIGN_IDENTITY[sdk=iphoneos*]" = "iPhone Developer";
				COPY_PHASE_STRIP = NO;
				DEBUG_INFORMATION_FORMAT = dwarf;
				ENABLE_STRICT_OBJC_MSGSEND = YES;
				ENABLE_TESTABILITY = YES;
				GCC_C_LANGUAGE_STANDARD = gnu99;
				GCC_DYNAMIC_NO_PIC = NO;
				GCC_NO_COMMON_BLOCKS = YES;
				GCC_OPTIMIZATION_LEVEL = 0;
				GCC_PREPROCESSOR_DEFINITIONS = (
					"DEBUG=1",
					"$(inherited)",
				);
				GCC_WARN_64_TO_32_BIT_CONVERSION = YES;
				GCC_WARN_ABOUT_RETURN_TYPE = YES_ERROR;
				GCC_WARN_UNDECLARED_SELECTOR = YES;
				GCC_WARN_UNINITIALIZED_AUTOS = YES_AGGRESSIVE;
				GCC_WARN_UNUSED_FUNCTION = YES;
				GCC_WARN_UNUSED_VARIABLE = YES;
				IPHONEOS_DEPLOYMENT_TARGET = 10.0;
				MTL_ENABLE_DEBUG_INFO = YES;
				ONLY_ACTIVE_ARCH = YES;
				SDKROOT = iphoneos;
				SWIFT_ACTIVE_COMPILATION_CONDITIONS = DEBUG;
				SWIFT_OPTIMIZATION_LEVEL = "-Onone";
				TARGETED_DEVICE_FAMILY = "1,2";
			};
			name = Debug;
		};
		BC831A0F1DBFDF5A00236182 /* Release */ = {
			isa = XCBuildConfiguration;
			buildSettings = {
				ALWAYS_SEARCH_USER_PATHS = NO;
				CLANG_ANALYZER_NONNULL = YES;
				CLANG_CXX_LANGUAGE_STANDARD = "gnu++0x";
				CLANG_CXX_LIBRARY = "libc++";
				CLANG_ENABLE_MODULES = YES;
				CLANG_ENABLE_OBJC_ARC = YES;
				CLANG_WARN_BOOL_CONVERSION = YES;
				CLANG_WARN_CONSTANT_CONVERSION = YES;
				CLANG_WARN_DIRECT_OBJC_ISA_USAGE = YES_ERROR;
				CLANG_WARN_DOCUMENTATION_COMMENTS = YES;
				CLANG_WARN_EMPTY_BODY = YES;
				CLANG_WARN_ENUM_CONVERSION = YES;
				CLANG_WARN_INFINITE_RECURSION = YES;
				CLANG_WARN_INT_CONVERSION = YES;
				CLANG_WARN_OBJC_ROOT_CLASS = YES_ERROR;
				CLANG_WARN_SUSPICIOUS_MOVES = YES;
				CLANG_WARN_UNREACHABLE_CODE = YES;
				CLANG_WARN__DUPLICATE_METHOD_MATCH = YES;
				"CODE_SIGN_IDENTITY[sdk=iphoneos*]" = "iPhone Developer";
				COPY_PHASE_STRIP = NO;
				DEBUG_INFORMATION_FORMAT = "dwarf-with-dsym";
				ENABLE_NS_ASSERTIONS = NO;
				ENABLE_STRICT_OBJC_MSGSEND = YES;
				GCC_C_LANGUAGE_STANDARD = gnu99;
				GCC_NO_COMMON_BLOCKS = YES;
				GCC_WARN_64_TO_32_BIT_CONVERSION = YES;
				GCC_WARN_ABOUT_RETURN_TYPE = YES_ERROR;
				GCC_WARN_UNDECLARED_SELECTOR = YES;
				GCC_WARN_UNINITIALIZED_AUTOS = YES_AGGRESSIVE;
				GCC_WARN_UNUSED_FUNCTION = YES;
				GCC_WARN_UNUSED_VARIABLE = YES;
				IPHONEOS_DEPLOYMENT_TARGET = 10.0;
				MTL_ENABLE_DEBUG_INFO = NO;
				SDKROOT = iphoneos;
				SWIFT_OPTIMIZATION_LEVEL = "-Owholemodule";
				TARGETED_DEVICE_FAMILY = "1,2";
				VALIDATE_PRODUCT = YES;
			};
			name = Release;
		};
		BC831A111DBFDF5A00236182 /* Debug */ = {
			isa = XCBuildConfiguration;
			buildSettings = {
				ASSETCATALOG_COMPILER_APPICON_NAME = AppIcon;
				INFOPLIST_FILE = "Save the kIttens/Info.plist";
				LD_RUNPATH_SEARCH_PATHS = "$(inherited) @executable_path/Frameworks";
				PRODUCT_BUNDLE_IDENTIFIER = "com.example.Save-the-kIttens";
				PRODUCT_NAME = "$(TARGET_NAME)";
				SWIFT_VERSION = 3.0;
			};
			name = Debug;
		};
		BC831A121DBFDF5A00236182 /* Release */ = {
			isa = XCBuildConfiguration;
			buildSettings = {
				ASSETCATALOG_COMPILER_APPICON_NAME = AppIcon;
				INFOPLIST_FILE = "Save the kIttens/Info.plist";
				LD_RUNPATH_SEARCH_PATHS = "$(inherited) @executable_path/Frameworks";
				PRODUCT_BUNDLE_IDENTIFIER = "com.example.Save-the-kIttens";
				PRODUCT_NAME = "$(TARGET_NAME)";
				SWIFT_VERSION = 3.0;
			};
			name = Release;
		};
		BC831A141DBFDF5A00236182 /* Debug */ = {
			isa = XCBuildConfiguration;
			buildSettings = {
				ALWAYS_EMBED_SWIFT_STANDARD_LIBRARIES = YES;
				BUNDLE_LOADER = "$(TEST_HOST)";
				INFOPLIST_FILE = "Save the kIttensTests/Info.plist";
				LD_RUNPATH_SEARCH_PATHS = "$(inherited) @executable_path/Frameworks @loader_path/Frameworks";
				PRODUCT_BUNDLE_IDENTIFIER = "com.example.Save-the-kIttensTests";
				PRODUCT_NAME = "$(TARGET_NAME)";
				SWIFT_VERSION = 3.0;
				TEST_HOST = "$(BUILT_PRODUCTS_DIR)/Save the kIttens.app/Save the kIttens";
			};
			name = Debug;
		};
		BC831A151DBFDF5A00236182 /* Release */ = {
			isa = XCBuildConfiguration;
			buildSettings = {
				ALWAYS_EMBED_SWIFT_STANDARD_LIBRARIES = YES;
				BUNDLE_LOADER = "$(TEST_HOST)";
				INFOPLIST_FILE = "Save the kIttensTests/Info.plist";
				LD_RUNPATH_SEARCH_PATHS = "$(inherited) @executable_path/Frameworks @loader_path/Frameworks";
				PRODUCT_BUNDLE_IDENTIFIER = "com.example.Save-the-kIttensTests";
				PRODUCT_NAME = "$(TARGET_NAME)";
				SWIFT_VERSION = 3.0;
				TEST_HOST = "$(BUILT_PRODUCTS_DIR)/Save the kIttens.app/Save the kIttens";
			};
			name = Release;
		};
/* End XCBuildConfiguration section */

/* Begin XCConfigurationList section */
		BC8319EE1DBFDF5A00236182 /* Build configuration list for PBXProject "Save the kIttens" */ = {
			isa = XCConfigurationList;
			buildConfigurations = (
				BC831A0E1DBFDF5A00236182 /* Debug */,
				BC831A0F1DBFDF5A00236182 /* Release */,
			);
			defaultConfigurationIsVisible = 0;
			defaultConfigurationName = Release;
		};
		BC831A101DBFDF5A00236182 /* Build configuration list for PBXNativeTarget "Save the kIttens" */ = {
			isa = XCConfigurationList;
			buildConfigurations = (
				BC831A111DBFDF5A00236182 /* Debug */,
				BC831A121DBFDF5A00236182 /* Release */,
			);
			defaultConfigurationIsVisible = 0;
		};
		BC831A131DBFDF5A00236182 /* Build configuration list for PBXNativeTarget "Save the kIttensTests" */ = {
			isa = XCConfigurationList;
			buildConfigurations = (
				BC831A141DBFDF5A00236182 /* Debug */,
				BC831A151DBFDF5A00236182 /* Release */,
			);
			defaultConfigurationIsVisible = 0;
		};
/* End XCConfigurationList section */
	};
	rootObject = BC8319EB1DBFDF5A00236182 /* Project object */;
}
